
Microsoft Visual Studio Solution File, Format Version 12.00
# Visual Studio Version 17
VisualStudioVersion = 17.7.34024.191
MinimumVisualStudioVersion = 10.0.40219.1
Project("{9A19103F-16F7-4668-BE54-9A1E7A4F7556}") = "HikiStudio.LearnVocabulary.DesktopAPP", "HikiStudio.LearnVocabulary.DesktopAPP\HikiStudio.LearnVocabulary.DesktopAPP.csproj", "{39C8BA12-E05F-43C6-A3D9-A4B50C6DA37D}"
EndProject
Project("{9A19103F-16F7-4668-BE54-9A1E7A4F7556}") = "HikiStudio.LearnVocabulary.API", "HikiStudio.LearnVocabulary.API\HikiStudio.LearnVocabulary.API.csproj", "{AA5257FD-AA15-4310-8EA1-B4FA81CD5810}"
EndProject
Project("{2150E333-8FDC-42A3-9474-1A3956D46DE8}") = "1. Infrastructure", "1. Infrastructure", "{BB6E6E25-175C-468C-8B3C-E5ACA7B0C3F5}"
EndProject
Project("{2150E333-8FDC-42A3-9474-1A3956D46DE8}") = "2. Domain", "2. Domain", "{6FB1A184-6EA5-4158-8707-2C6F9DBA671F}"
EndProject
Project("{2150E333-8FDC-42A3-9474-1A3956D46DE8}") = "3. Hosts", "3. Hosts", "{0FBD5C76-6F8D-4596-9AEE-3F56AAC8C2A8}"
EndProject
Project("{9A19103F-16F7-4668-BE54-9A1E7A4F7556}") = "HikiStudio.LearnVocabulary.Application", "HikiStudio.LearnVocabulary.Application\HikiStudio.LearnVocabulary.Application.csproj", "{626F2C47-64C3-41E0-A670-384DAAE3064C}"
EndProject
Project("{9A19103F-16F7-4668-BE54-9A1E7A4F7556}") = "HikiStudio.LearnVocabulary.APIIntegration", "HikiStudio.LearnVocabulary.APIIntegration\HikiStudio.LearnVocabulary.APIIntegration.csproj", "{09F73065-689B-4A73-A860-5504B555EA34}"
EndProject
Project("{9A19103F-16F7-4668-BE54-9A1E7A4F7556}") = "HikiStudio.LearnVocabulary.ViewModels", "HikiStudio.LearnVocabulary.ViewModels\HikiStudio.LearnVocabulary.ViewModels.csproj", "{706A277D-EEDF-40CE-9810-39FF28262E70}"
EndProject
Project("{9A19103F-16F7-4668-BE54-9A1E7A4F7556}") = "HikiStudio.LearnVocabulary.Data", "HikiStudio.LearnVocabulary.Data\HikiStudio.LearnVocabulary.Data.csproj", "{5403D026-E376-4850-AE3C-6E6F2B332742}"
EndProject
Project("{FAE04EC0-301F-11D3-BF4B-00C04F79EFBC}") = "HikiStudio.LearnVocabulary.Utilities", "HikiStudio.LearnVocabulary.Utilities\HikiStudio.LearnVocabulary.Utilities.csproj", "{3D8FBF3C-DB63-415E-9B54-05868F2CA5FB}"
EndProject
Global
	GlobalSection(SolutionConfigurationPlatforms) = preSolution
		Debug|Any CPU = Debug|Any CPU
		Release|Any CPU = Release|Any CPU
	EndGlobalSection
	GlobalSection(ProjectConfigurationPlatforms) = postSolution
		{39C8BA12-E05F-43C6-A3D9-A4B50C6DA37D}.Debug|Any CPU.ActiveCfg = Debug|Any CPU
		{39C8BA12-E05F-43C6-A3D9-A4B50C6DA37D}.Debug|Any CPU.Build.0 = Debug|Any CPU
		{39C8BA12-E05F-43C6-A3D9-A4B50C6DA37D}.Release|Any CPU.ActiveCfg = Release|Any CPU
		{39C8BA12-E05F-43C6-A3D9-A4B50C6DA37D}.Release|Any CPU.Build.0 = Release|Any CPU
		{AA5257FD-AA15-4310-8EA1-B4FA81CD5810}.Debug|Any CPU.ActiveCfg = Debug|Any CPU
		{AA5257FD-AA15-4310-8EA1-B4FA81CD5810}.Debug|Any CPU.Build.0 = Debug|Any CPU
		{AA5257FD-AA15-4310-8EA1-B4FA81CD5810}.Release|Any CPU.ActiveCfg = Release|Any CPU
		{AA5257FD-AA15-4310-8EA1-B4FA81CD5810}.Release|Any CPU.Build.0 = Release|Any CPU
		{626F2C47-64C3-41E0-A670-384DAAE3064C}.Debug|Any CPU.ActiveCfg = Debug|Any CPU
		{626F2C47-64C3-41E0-A670-384DAAE3064C}.Debug|Any CPU.Build.0 = Debug|Any CPU
		{626F2C47-64C3-41E0-A670-384DAAE3064C}.Release|Any CPU.ActiveCfg = Release|Any CPU
		{626F2C47-64C3-41E0-A670-384DAAE3064C}.Release|Any CPU.Build.0 = Release|Any CPU
		{09F73065-689B-4A73-A860-5504B555EA34}.Debug|Any CPU.ActiveCfg = Debug|Any CPU
		{09F73065-689B-4A73-A860-5504B555EA34}.Debug|Any CPU.Build.0 = Debug|Any CPU
		{09F73065-689B-4A73-A860-5504B555EA34}.Release|Any CPU.ActiveCfg = Release|Any CPU
		{09F73065-689B-4A73-A860-5504B555EA34}.Release|Any CPU.Build.0 = Release|Any CPU
		{706A277D-EEDF-40CE-9810-39FF28262E70}.Debug|Any CPU.ActiveCfg = Debug|Any CPU
		{706A277D-EEDF-40CE-9810-39FF28262E70}.Debug|Any CPU.Build.0 = Debug|Any CPU
		{706A277D-EEDF-40CE-9810-39FF28262E70}.Release|Any CPU.ActiveCfg = Release|Any CPU
		{706A277D-EEDF-40CE-9810-39FF28262E70}.Release|Any CPU.Build.0 = Release|Any CPU
		{5403D026-E376-4850-AE3C-6E6F2B332742}.Debug|Any CPU.ActiveCfg = Debug|Any CPU
		{5403D026-E376-4850-AE3C-6E6F2B332742}.Debug|Any CPU.Build.0 = Debug|Any CPU
		{5403D026-E376-4850-AE3C-6E6F2B332742}.Release|Any CPU.ActiveCfg = Release|Any CPU
		{5403D026-E376-4850-AE3C-6E6F2B332742}.Release|Any CPU.Build.0 = Release|Any CPU
		{3D8FBF3C-DB63-415E-9B54-05868F2CA5FB}.Debug|Any CPU.ActiveCfg = Debug|Any CPU
		{3D8FBF3C-DB63-415E-9B54-05868F2CA5FB}.Debug|Any CPU.Build.0 = Debug|Any CPU
		{3D8FBF3C-DB63-415E-9B54-05868F2CA5FB}.Release|Any CPU.ActiveCfg = Release|Any CPU
		{3D8FBF3C-DB63-415E-9B54-05868F2CA5FB}.Release|Any CPU.Build.0 = Release|Any CPU
	EndGlobalSection
	GlobalSection(SolutionProperties) = preSolution
		HideSolutionNode = FALSE
	EndGlobalSection
	GlobalSection(NestedProjects) = preSolution
		{39C8BA12-E05F-43C6-A3D9-A4B50C6DA37D} = {0FBD5C76-6F8D-4596-9AEE-3F56AAC8C2A8}
		{AA5257FD-AA15-4310-8EA1-B4FA81CD5810} = {0FBD5C76-6F8D-4596-9AEE-3F56AAC8C2A8}
		{626F2C47-64C3-41E0-A670-384DAAE3064C} = {6FB1A184-6EA5-4158-8707-2C6F9DBA671F}
		{09F73065-689B-4A73-A860-5504B555EA34} = {6FB1A184-6EA5-4158-8707-2C6F9DBA671F}
		{706A277D-EEDF-40CE-9810-39FF28262E70} = {BB6E6E25-175C-468C-8B3C-E5ACA7B0C3F5}
		{5403D026-E376-4850-AE3C-6E6F2B332742} = {6FB1A184-6EA5-4158-8707-2C6F9DBA671F}
		{3D8FBF3C-DB63-415E-9B54-05868F2CA5FB} = {BB6E6E25-175C-468C-8B3C-E5ACA7B0C3F5}
	EndGlobalSection
	GlobalSection(ExtensibilityGlobals) = postSolution
		SolutionGuid = {908D96DB-913B-4123-9F3A-DB87A35349B3}
	EndGlobalSection
EndGlobal
